
Microsoft Visual Studio Solution File, Format Version 12.00
# Visual Studio 15
VisualStudioVersion = 15.0.28010.2019
MinimumVisualStudioVersion = 10.0.40219.1
Project("{FAE04EC0-301F-11D3-BF4B-00C04F79EFBC}") = "HelloSoftUni", "HelloSoftUni\HelloSoftUni.csproj", "{6A16EFBF-F7C0-45DE-A1E1-6D01DF97C2FA}"
EndProject
Global
	GlobalSection(SolutionConfigurationPlatforms) = preSolution
		Debug|Any CPU = Debug|Any CPU
		Release|Any CPU = Release|Any CPU
	EndGlobalSection
	GlobalSection(ProjectConfigurationPlatforms) = postSolution
		{6A16EFBF-F7C0-45DE-A1E1-6D01DF97C2FA}.Debug|Any CPU.ActiveCfg = Debug|Any CPU
		{6A16EFBF-F7C0-45DE-A1E1-6D01DF97C2FA}.Debug|Any CPU.Build.0 = Debug|Any CPU
		{6A16EFBF-F7C0-45DE-A1E1-6D01DF97C2FA}.Release|Any CPU.ActiveCfg = Release|Any CPU
		{6A16EFBF-F7C0-45DE-A1E1-6D01DF97C2FA}.Release|Any CPU.Build.0 = Release|Any CPU
	EndGlobalSection
	GlobalSection(SolutionProperties) = preSolution
		HideSolutionNode = FALSE
	EndGlobalSection
	GlobalSection(ExtensibilityGlobals) = postSolution
		SolutionGuid = {5BC50E02-E1AD-4685-8939-30C9181578C5}
	EndGlobalSection
EndGlobal
