
Microsoft Visual Studio Solution File, Format Version 12.00
# Visual Studio 15
VisualStudioVersion = 15.0.28010.2019
MinimumVisualStudioVersion = 10.0.40219.1
Project("{FAE04EC0-301F-11D3-BF4B-00C04F79EFBC}") = "USDToBGN", "USDToBGN\USDToBGN.csproj", "{24B8E9B5-D78F-44D1-9854-4D434565AD60}"
EndProject
Project("{FAE04EC0-301F-11D3-BF4B-00C04F79EFBC}") = "Tailoring Workshop", "RadiansToDegrees\Tailoring Workshop.csproj", "{A28CB272-DBBA-4210-8956-551FFDA013AF}"
EndProject
Project("{FAE04EC0-301F-11D3-BF4B-00C04F79EFBC}") = "DanceHall", "DanceHall\DanceHall.csproj", "{5826E57C-90BB-476F-A3EE-6846AE0DF8DE}"
EndProject
Project("{FAE04EC0-301F-11D3-BF4B-00C04F79EFBC}") = "CharityCampaign", "CharityCampaign\CharityCampaign.csproj", "{402E6FAF-059C-42F0-B102-B8A7778BE462}"
EndProject
Project("{FAE04EC0-301F-11D3-BF4B-00C04F79EFBC}") = "AlcoholMarket", "AlcoholMarket\AlcoholMarket.csproj", "{1F564817-0B0E-4C97-BFB9-134BA8D26784}"
EndProject
Project("{FAE04EC0-301F-11D3-BF4B-00C04F79EFBC}") = "CurrencyConvertor", "CurrencyConvertrt\CurrencyConvertor.csproj", "{1E7E138B-BA7B-4AD6-892F-D879B5D037BB}"
EndProject
Project("{FAE04EC0-301F-11D3-BF4B-00C04F79EFBC}") = "2DRectangleArea", "2DRectangleArea\2DRectangleArea.csproj", "{ADE3B3B2-E119-46CC-BB48-7DE99D993E0D}"
EndProject
Global
	GlobalSection(SolutionConfigurationPlatforms) = preSolution
		Debug|Any CPU = Debug|Any CPU
		Release|Any CPU = Release|Any CPU
	EndGlobalSection
	GlobalSection(ProjectConfigurationPlatforms) = postSolution
		{24B8E9B5-D78F-44D1-9854-4D434565AD60}.Debug|Any CPU.ActiveCfg = Debug|Any CPU
		{24B8E9B5-D78F-44D1-9854-4D434565AD60}.Debug|Any CPU.Build.0 = Debug|Any CPU
		{24B8E9B5-D78F-44D1-9854-4D434565AD60}.Release|Any CPU.ActiveCfg = Release|Any CPU
		{24B8E9B5-D78F-44D1-9854-4D434565AD60}.Release|Any CPU.Build.0 = Release|Any CPU
		{A28CB272-DBBA-4210-8956-551FFDA013AF}.Debug|Any CPU.ActiveCfg = Debug|Any CPU
		{A28CB272-DBBA-4210-8956-551FFDA013AF}.Debug|Any CPU.Build.0 = Debug|Any CPU
		{A28CB272-DBBA-4210-8956-551FFDA013AF}.Release|Any CPU.ActiveCfg = Release|Any CPU
		{A28CB272-DBBA-4210-8956-551FFDA013AF}.Release|Any CPU.Build.0 = Release|Any CPU
		{5826E57C-90BB-476F-A3EE-6846AE0DF8DE}.Debug|Any CPU.ActiveCfg = Debug|Any CPU
		{5826E57C-90BB-476F-A3EE-6846AE0DF8DE}.Debug|Any CPU.Build.0 = Debug|Any CPU
		{5826E57C-90BB-476F-A3EE-6846AE0DF8DE}.Release|Any CPU.ActiveCfg = Release|Any CPU
		{5826E57C-90BB-476F-A3EE-6846AE0DF8DE}.Release|Any CPU.Build.0 = Release|Any CPU
		{402E6FAF-059C-42F0-B102-B8A7778BE462}.Debug|Any CPU.ActiveCfg = Debug|Any CPU
		{402E6FAF-059C-42F0-B102-B8A7778BE462}.Debug|Any CPU.Build.0 = Debug|Any CPU
		{402E6FAF-059C-42F0-B102-B8A7778BE462}.Release|Any CPU.ActiveCfg = Release|Any CPU
		{402E6FAF-059C-42F0-B102-B8A7778BE462}.Release|Any CPU.Build.0 = Release|Any CPU
		{1F564817-0B0E-4C97-BFB9-134BA8D26784}.Debug|Any CPU.ActiveCfg = Debug|Any CPU
		{1F564817-0B0E-4C97-BFB9-134BA8D26784}.Debug|Any CPU.Build.0 = Debug|Any CPU
		{1F564817-0B0E-4C97-BFB9-134BA8D26784}.Release|Any CPU.ActiveCfg = Release|Any CPU
		{1F564817-0B0E-4C97-BFB9-134BA8D26784}.Release|Any CPU.Build.0 = Release|Any CPU
		{1E7E138B-BA7B-4AD6-892F-D879B5D037BB}.Debug|Any CPU.ActiveCfg = Debug|Any CPU
		{1E7E138B-BA7B-4AD6-892F-D879B5D037BB}.Debug|Any CPU.Build.0 = Debug|Any CPU
		{1E7E138B-BA7B-4AD6-892F-D879B5D037BB}.Release|Any CPU.ActiveCfg = Release|Any CPU
		{1E7E138B-BA7B-4AD6-892F-D879B5D037BB}.Release|Any CPU.Build.0 = Release|Any CPU
		{ADE3B3B2-E119-46CC-BB48-7DE99D993E0D}.Debug|Any CPU.ActiveCfg = Debug|Any CPU
		{ADE3B3B2-E119-46CC-BB48-7DE99D993E0D}.Debug|Any CPU.Build.0 = Debug|Any CPU
		{ADE3B3B2-E119-46CC-BB48-7DE99D993E0D}.Release|Any CPU.ActiveCfg = Release|Any CPU
		{ADE3B3B2-E119-46CC-BB48-7DE99D993E0D}.Release|Any CPU.Build.0 = Release|Any CPU
	EndGlobalSection
	GlobalSection(SolutionProperties) = preSolution
		HideSolutionNode = FALSE
	EndGlobalSection
	GlobalSection(ExtensibilityGlobals) = postSolution
		SolutionGuid = {94B8BA70-17AE-490D-8D2D-5A03508C4FB6}
	EndGlobalSection
EndGlobal
